
Microsoft Visual Studio Solution File, Format Version 12.00
# Visual Studio Version 17
VisualStudioVersion = 17.4.33213.308
MinimumVisualStudioVersion = 10.0.40219.1
Project("{9A19103F-16F7-4668-BE54-9A1E7A4F7556}") = "Assessment.Web", "Assessment.Web\Assessment.Web.csproj", "{8B28C40D-E7C0-4F3A-A16D-640BD369659E}"
EndProject
Project("{9A19103F-16F7-4668-BE54-9A1E7A4F7556}") = "Assessment.Native", "Assessment.Native\Assessment.Native.csproj", "{A418D282-29B7-4EE4-A3A6-E209027BFCD1}"
EndProject
Project("{9A19103F-16F7-4668-BE54-9A1E7A4F7556}") = "Assessment.Shared", "Assessment.Shared\Assessment.Shared.csproj", "{2B8173E7-92FD-4F54-9C47-DDB73E0F7E9A}"
EndProject
Global
	GlobalSection(SolutionConfigurationPlatforms) = preSolution
		Debug|Any CPU = Debug|Any CPU
		Release|Any CPU = Release|Any CPU
	EndGlobalSection
	GlobalSection(ProjectConfigurationPlatforms) = postSolution
		{8B28C40D-E7C0-4F3A-A16D-640BD369659E}.Debug|Any CPU.ActiveCfg = Debug|Any CPU
		{8B28C40D-E7C0-4F3A-A16D-640BD369659E}.Debug|Any CPU.Build.0 = Debug|Any CPU
		{8B28C40D-E7C0-4F3A-A16D-640BD369659E}.Release|Any CPU.ActiveCfg = Release|Any CPU
		{8B28C40D-E7C0-4F3A-A16D-640BD369659E}.Release|Any CPU.Build.0 = Release|Any CPU
		{A418D282-29B7-4EE4-A3A6-E209027BFCD1}.Debug|Any CPU.ActiveCfg = Debug|Any CPU
		{A418D282-29B7-4EE4-A3A6-E209027BFCD1}.Release|Any CPU.ActiveCfg = Release|Any CPU
		{A418D282-29B7-4EE4-A3A6-E209027BFCD1}.Release|Any CPU.Build.0 = Release|Any CPU
		{A418D282-29B7-4EE4-A3A6-E209027BFCD1}.Release|Any CPU.Deploy.0 = Release|Any CPU
		{2B8173E7-92FD-4F54-9C47-DDB73E0F7E9A}.Debug|Any CPU.ActiveCfg = Debug|Any CPU
		{2B8173E7-92FD-4F54-9C47-DDB73E0F7E9A}.Debug|Any CPU.Build.0 = Debug|Any CPU
		{2B8173E7-92FD-4F54-9C47-DDB73E0F7E9A}.Release|Any CPU.ActiveCfg = Release|Any CPU
		{2B8173E7-92FD-4F54-9C47-DDB73E0F7E9A}.Release|Any CPU.Build.0 = Release|Any CPU
	EndGlobalSection
	GlobalSection(SolutionProperties) = preSolution
		HideSolutionNode = FALSE
	EndGlobalSection
	GlobalSection(ExtensibilityGlobals) = postSolution
		SolutionGuid = {1F9AB5A9-2142-44CB-A298-320FC1F8B0C9}
	EndGlobalSection
EndGlobal
